
Microsoft Visual Studio Solution File, Format Version 12.00
# Visual Studio Version 17
VisualStudioVersion = 17.2.32526.322
MinimumVisualStudioVersion = 10.0.40219.1
Project("{9A19103F-16F7-4668-BE54-9A1E7A4F7556}") = "Kompozyt", "Kompozyt\Kompozyt.csproj", "{DEADDC34-2E23-4A1C-80D6-D754DE66CEBD}"
EndProject
Project("{9A19103F-16F7-4668-BE54-9A1E7A4F7556}") = "Pełnomocnik 1", "Pełnomocnik 1\Pełnomocnik 1.csproj", "{6DD72150-7BD0-4A86-B54C-9C72CB644675}"
EndProject
Project("{9A19103F-16F7-4668-BE54-9A1E7A4F7556}") = "Pełnomocnik 2", "Pełnomocnik 2\Pełnomocnik 2.csproj", "{E5D7BCC8-052F-434C-9EE4-31BB15B982E1}"
EndProject
Project("{9A19103F-16F7-4668-BE54-9A1E7A4F7556}") = "Pyłek", "Pyłek\Pyłek.csproj", "{26C43056-11EC-4294-A00C-9827129560CD}"
EndProject
Project("{9A19103F-16F7-4668-BE54-9A1E7A4F7556}") = "Pamiątka", "Pamiątka\Pamiątka.csproj", "{E5F511E0-9337-420D-B391-4E29E4D8FFBF}"
EndProject
Project("{9A19103F-16F7-4668-BE54-9A1E7A4F7556}") = "Obserwator", "Obserwator\Obserwator.csproj", "{065654D8-3242-4C0B-8963-3E78A9304498}"
EndProject
Project("{FAE04EC0-301F-11D3-BF4B-00C04F79EFBC}") = "Odwiedzający", "Odwiedzający\Odwiedzający.csproj", "{EDE86B9C-4D64-4CE5-B67B-A1A28ED48481}"
EndProject
Project("{FAE04EC0-301F-11D3-BF4B-00C04F79EFBC}") = "Metoda szablonowa", "Metoda szablonowa\Metoda szablonowa.csproj", "{F935AAB4-7260-45A2-AFBD-29064F1850F1}"
EndProject
Project("{FAE04EC0-301F-11D3-BF4B-00C04F79EFBC}") = "Strategia", "Strategia\Strategia.csproj", "{30C61D59-9CF8-4040-B063-760CE6D42C59}"
EndProject
Global
	GlobalSection(SolutionConfigurationPlatforms) = preSolution
		Debug|Any CPU = Debug|Any CPU
		Release|Any CPU = Release|Any CPU
	EndGlobalSection
	GlobalSection(ProjectConfigurationPlatforms) = postSolution
		{DEADDC34-2E23-4A1C-80D6-D754DE66CEBD}.Debug|Any CPU.ActiveCfg = Debug|Any CPU
		{DEADDC34-2E23-4A1C-80D6-D754DE66CEBD}.Debug|Any CPU.Build.0 = Debug|Any CPU
		{DEADDC34-2E23-4A1C-80D6-D754DE66CEBD}.Release|Any CPU.ActiveCfg = Release|Any CPU
		{DEADDC34-2E23-4A1C-80D6-D754DE66CEBD}.Release|Any CPU.Build.0 = Release|Any CPU
		{6DD72150-7BD0-4A86-B54C-9C72CB644675}.Debug|Any CPU.ActiveCfg = Debug|Any CPU
		{6DD72150-7BD0-4A86-B54C-9C72CB644675}.Debug|Any CPU.Build.0 = Debug|Any CPU
		{6DD72150-7BD0-4A86-B54C-9C72CB644675}.Release|Any CPU.ActiveCfg = Release|Any CPU
		{6DD72150-7BD0-4A86-B54C-9C72CB644675}.Release|Any CPU.Build.0 = Release|Any CPU
		{E5D7BCC8-052F-434C-9EE4-31BB15B982E1}.Debug|Any CPU.ActiveCfg = Debug|Any CPU
		{E5D7BCC8-052F-434C-9EE4-31BB15B982E1}.Debug|Any CPU.Build.0 = Debug|Any CPU
		{E5D7BCC8-052F-434C-9EE4-31BB15B982E1}.Release|Any CPU.ActiveCfg = Release|Any CPU
		{E5D7BCC8-052F-434C-9EE4-31BB15B982E1}.Release|Any CPU.Build.0 = Release|Any CPU
		{26C43056-11EC-4294-A00C-9827129560CD}.Debug|Any CPU.ActiveCfg = Debug|Any CPU
		{26C43056-11EC-4294-A00C-9827129560CD}.Debug|Any CPU.Build.0 = Debug|Any CPU
		{26C43056-11EC-4294-A00C-9827129560CD}.Release|Any CPU.ActiveCfg = Release|Any CPU
		{26C43056-11EC-4294-A00C-9827129560CD}.Release|Any CPU.Build.0 = Release|Any CPU
		{E5F511E0-9337-420D-B391-4E29E4D8FFBF}.Debug|Any CPU.ActiveCfg = Debug|Any CPU
		{E5F511E0-9337-420D-B391-4E29E4D8FFBF}.Debug|Any CPU.Build.0 = Debug|Any CPU
		{E5F511E0-9337-420D-B391-4E29E4D8FFBF}.Release|Any CPU.ActiveCfg = Release|Any CPU
		{E5F511E0-9337-420D-B391-4E29E4D8FFBF}.Release|Any CPU.Build.0 = Release|Any CPU
		{065654D8-3242-4C0B-8963-3E78A9304498}.Debug|Any CPU.ActiveCfg = Debug|Any CPU
		{065654D8-3242-4C0B-8963-3E78A9304498}.Debug|Any CPU.Build.0 = Debug|Any CPU
		{065654D8-3242-4C0B-8963-3E78A9304498}.Release|Any CPU.ActiveCfg = Release|Any CPU
		{065654D8-3242-4C0B-8963-3E78A9304498}.Release|Any CPU.Build.0 = Release|Any CPU
		{EDE86B9C-4D64-4CE5-B67B-A1A28ED48481}.Debug|Any CPU.ActiveCfg = Debug|Any CPU
		{EDE86B9C-4D64-4CE5-B67B-A1A28ED48481}.Debug|Any CPU.Build.0 = Debug|Any CPU
		{EDE86B9C-4D64-4CE5-B67B-A1A28ED48481}.Release|Any CPU.ActiveCfg = Release|Any CPU
		{EDE86B9C-4D64-4CE5-B67B-A1A28ED48481}.Release|Any CPU.Build.0 = Release|Any CPU
		{F935AAB4-7260-45A2-AFBD-29064F1850F1}.Debug|Any CPU.ActiveCfg = Debug|Any CPU
		{F935AAB4-7260-45A2-AFBD-29064F1850F1}.Debug|Any CPU.Build.0 = Debug|Any CPU
		{F935AAB4-7260-45A2-AFBD-29064F1850F1}.Release|Any CPU.ActiveCfg = Release|Any CPU
		{F935AAB4-7260-45A2-AFBD-29064F1850F1}.Release|Any CPU.Build.0 = Release|Any CPU
		{30C61D59-9CF8-4040-B063-760CE6D42C59}.Debug|Any CPU.ActiveCfg = Debug|Any CPU
		{30C61D59-9CF8-4040-B063-760CE6D42C59}.Debug|Any CPU.Build.0 = Debug|Any CPU
		{30C61D59-9CF8-4040-B063-760CE6D42C59}.Release|Any CPU.ActiveCfg = Release|Any CPU
		{30C61D59-9CF8-4040-B063-760CE6D42C59}.Release|Any CPU.Build.0 = Release|Any CPU
	EndGlobalSection
	GlobalSection(SolutionProperties) = preSolution
		HideSolutionNode = FALSE
	EndGlobalSection
	GlobalSection(ExtensibilityGlobals) = postSolution
		SolutionGuid = {942448BE-50AD-47A5-8545-F41E697F9184}
	EndGlobalSection
EndGlobal
